
Microsoft Visual Studio Solution File, Format Version 12.00
# Visual Studio Version 16
VisualStudioVersion = 16.0.32901.82
MinimumVisualStudioVersion = 10.0.40219.1
Project("{FAE04EC0-301F-11D3-BF4B-00C04F79EFBC}") = "plagiarism_checker", "plagiarism_checker.csproj", "{2B2B733D-2331-4A67-8258-02402C9FE078}"
EndProject
Global
	GlobalSection(SolutionConfigurationPlatforms) = preSolution
		Debug|Any CPU = Debug|Any CPU
		Release|Any CPU = Release|Any CPU
	EndGlobalSection
	GlobalSection(ProjectConfigurationPlatforms) = postSolution
		{2B2B733D-2331-4A67-8258-02402C9FE078}.Debug|Any CPU.ActiveCfg = Debug|Any CPU
		{2B2B733D-2331-4A67-8258-02402C9FE078}.Debug|Any CPU.Build.0 = Debug|Any CPU
		{2B2B733D-2331-4A67-8258-02402C9FE078}.Release|Any CPU.ActiveCfg = Release|Any CPU
		{2B2B733D-2331-4A67-8258-02402C9FE078}.Release|Any CPU.Build.0 = Release|Any CPU
	EndGlobalSection
	GlobalSection(SolutionProperties) = preSolution
		HideSolutionNode = FALSE
	EndGlobalSection
	GlobalSection(ExtensibilityGlobals) = postSolution
		SolutionGuid = {4352C032-FF09-41C4-91C6-6A98FE5384F7}
	EndGlobalSection
EndGlobal
